{
  "name": "ProGramming ASSIGNMENT",
  "lockfileVersion": 2,
  "requires": true,
  "packages": {
    "": {
      "dependencies": {
        "lindenmayer": "^1.5.4"
      }
    },
    "node_modules/lindenmayer": {
      "version": "1.5.4",
      "resolved": "https://registry.npmjs.org/lindenmayer/-/lindenmayer-1.5.4.tgz",
      "integrity": "sha512-tmuD/ZGO25AptY1WBlsAyp4JrFtmAa3utm9HBiPYTQdHqaW3Oaq0CkxN5KeGxlAeGjwbxwxwZijvS1DDZ7cWMQ=="
    }
  },
  "dependencies": {
    "lindenmayer": {
      "version": "1.5.4",
      "resolved": "https://registry.npmjs.org/lindenmayer/-/lindenmayer-1.5.4.tgz",
      "integrity": "sha512-tmuD/ZGO25AptY1WBlsAyp4JrFtmAa3utm9HBiPYTQdHqaW3Oaq0CkxN5KeGxlAeGjwbxwxwZijvS1DDZ7cWMQ=="
    }
  }
}
